// !$*UTF8*$!
{
	archiveVersion = 1;
	classes = {
	};
	objectVersion = 56;
	objects = {

/* Begin PBXBuildFile section */
		92F066BB2DDC9D6A00F2C0F1 /* orderBookApp.swift in Sources */ = {isa = PBXBuildFile; fileRef = 92F066BA2DDC9D6A00F2C0F1 /* orderBookApp.swift */; };
		92F066BD2DDC9D6A00F2C0F1 /* ContentView.swift in Sources */ = {isa = PBXBuildFile; fileRef = 92F066BC2DDC9D6A00F2C0F1 /* ContentView.swift */; };
		92F066BF2DDC9D6A00F2C0F1 /* Item.swift in Sources */ = {isa = PBXBuildFile; fileRef = 92F066BE2DDC9D6A00F2C0F1 /* Item.swift */; };
		92F066C12DDC9D6C00F2C0F1 /* Assets.xcassets in Resources */ = {isa = PBXBuildFile; fileRef = 92F066C02DDC9D6C00F2C0F1 /* Assets.xcassets */; };
		92F066C42DDC9D6C00F2C0F1 /* Preview Assets.xcassets in Resources */ = {isa = PBXBuildFile; fileRef = 92F066C32DDC9D6C00F2C0F1 /* Preview Assets.xcassets */; };
		92F066CF2DDC9D6C00F2C0F1 /* orderBookTests.swift in Sources */ = {isa = PBXBuildFile; fileRef = 92F066CE2DDC9D6C00F2C0F1 /* orderBookTests.swift */; };
		92F066D92DDC9D6C00F2C0F1 /* orderBookUITests.swift in Sources */ = {isa = PBXBuildFile; fileRef = 92F066D82DDC9D6C00F2C0F1 /* orderBookUITests.swift */; };
		92F066DB2DDC9D6C00F2C0F1 /* orderBookUITestsLaunchTests.swift in Sources */ = {isa = PBXBuildFile; fileRef = 92F066DA2DDC9D6C00F2C0F1 /* orderBookUITestsLaunchTests.swift */; };
/* End PBXBuildFile section */

/* Begin PBXContainerItemProxy section */
		92F066CB2DDC9D6C00F2C0F1 /* PBXContainerItemProxy */ = {
			isa = PBXContainerItemProxy;
			containerPortal = 92F066AF2DDC9D6A00F2C0F1 /* Project object */;
			proxyType = 1;
			remoteGlobalIDString = 92F066B62DDC9D6A00F2C0F1;
			remoteInfo = orderBook;
		};
		92F066D52DDC9D6C00F2C0F1 /* PBXContainerItemProxy */ = {
			isa = PBXContainerItemProxy;
			containerPortal = 92F066AF2DDC9D6A00F2C0F1 /* Project object */;
			proxyType = 1;
			remoteGlobalIDString = 92F066B62DDC9D6A00F2C0F1;
			remoteInfo = orderBook;
		};
/* End PBXContainerItemProxy section */

/* Begin PBXFileReference section */
		92F066B72DDC9D6A00F2C0F1 /* orderBook.app */ = {isa = PBXFileReference; explicitFileType = wrapper.application; includeInIndex = 0; path = orderBook.app; sourceTree = BUILT_PRODUCTS_DIR; };
		92F066BA2DDC9D6A00F2C0F1 /* orderBookApp.swift */ = {isa = PBXFileReference; lastKnownFileType = sourcecode.swift; path = orderBookApp.swift; sourceTree = "<group>"; };
		92F066BC2DDC9D6A00F2C0F1 /* ContentView.swift */ = {isa = PBXFileReference; lastKnownFileType = sourcecode.swift; path = ContentView.swift; sourceTree = "<group>"; };
		92F066BE2DDC9D6A00F2C0F1 /* Item.swift */ = {isa = PBXFileReference; lastKnownFileType = sourcecode.swift; path = Item.swift; sourceTree = "<group>"; };
		92F066C02DDC9D6C00F2C0F1 /* Assets.xcassets */ = {isa = PBXFileReference; lastKnownFileType = folder.assetcatalog; path = Assets.xcassets; sourceTree = "<group>"; };
		92F066C32DDC9D6C00F2C0F1 /* Preview Assets.xcassets */ = {isa = PBXFileReference; lastKnownFileType = folder.assetcatalog; path = "Preview Assets.xcassets"; sourceTree = "<group>"; };
		92F066C52DDC9D6C00F2C0F1 /* Info.plist */ = {isa = PBXFileReference; lastKnownFileType = text.plist.xml; path = Info.plist; sourceTree = "<group>"; };
		92F066CA2DDC9D6C00F2C0F1 /* orderBookTests.xctest */ = {isa = PBXFileReference; explicitFileType = wrapper.cfbundle; includeInIndex = 0; path = orderBookTests.xctest; sourceTree = BUILT_PRODUCTS_DIR; };
		92F066CE2DDC9D6C00F2C0F1 /* orderBookTests.swift */ = {isa = PBXFileReference; lastKnownFileType = sourcecode.swift; path = orderBookTests.swift; sourceTree = "<group>"; };
		92F066D42DDC9D6C00F2C0F1 /* orderBookUITests.xctest */ = {isa = PBXFileReference; explicitFileType = wrapper.cfbundle; includeInIndex = 0; path = orderBookUITests.xctest; sourceTree = BUILT_PRODUCTS_DIR; };
		92F066D82DDC9D6C00F2C0F1 /* orderBookUITests.swift */ = {isa = PBXFileReference; lastKnownFileType = sourcecode.swift; path = orderBookUITests.swift; sourceTree = "<group>"; };
		92F066DA2DDC9D6C00F2C0F1 /* orderBookUITestsLaunchTests.swift */ = {isa = PBXFileReference; lastKnownFileType = sourcecode.swift; path = orderBookUITestsLaunchTests.swift; sourceTree = "<group>"; };
/* End PBXFileReference section */

/* Begin PBXFrameworksBuildPhase section */
		92F066B42DDC9D6A00F2C0F1 /* Frameworks */ = {
			isa = PBXFrameworksBuildPhase;
			buildActionMask = 2147483647;
			files = (
			);
			runOnlyForDeploymentPostprocessing = 0;
		};
		92F066C72DDC9D6C00F2C0F1 /* Frameworks */ = {
			isa = PBXFrameworksBuildPhase;
			buildActionMask = 2147483647;
			files = (
			);
			runOnlyForDeploymentPostprocessing = 0;
		};
		92F066D12DDC9D6C00F2C0F1 /* Frameworks */ = {
			isa = PBXFrameworksBuildPhase;
			buildActionMask = 2147483647;
			files = (
			);
			runOnlyForDeploymentPostprocessing = 0;
		};
/* End PBXFrameworksBuildPhase section */

/* Begin PBXGroup section */
		92F066AE2DDC9D6A00F2C0F1 = {
			isa = PBXGroup;
			children = (
				92F066B92DDC9D6A00F2C0F1 /* orderBook */,
				92F066CD2DDC9D6C00F2C0F1 /* orderBookTests */,
				92F066D72DDC9D6C00F2C0F1 /* orderBookUITests */,
				92F066B82DDC9D6A00F2C0F1 /* Products */,
			);
			sourceTree = "<group>";
		};
		92F066B82DDC9D6A00F2C0F1 /* Products */ = {
			isa = PBXGroup;
			children = (
				92F066B72DDC9D6A00F2C0F1 /* orderBook.app */,
				92F066CA2DDC9D6C00F2C0F1 /* orderBookTests.xctest */,
				92F066D42DDC9D6C00F2C0F1 /* orderBookUITests.xctest */,
			);
			name = Products;
			sourceTree = "<group>";
		};
		92F066B92DDC9D6A00F2C0F1 /* orderBook */ = {
			isa = PBXGroup;
			children = (
				92F066BA2DDC9D6A00F2C0F1 /* orderBookApp.swift */,
				92F066BC2DDC9D6A00F2C0F1 /* ContentView.swift */,
				92F066BE2DDC9D6A00F2C0F1 /* Item.swift */,
				92F066C02DDC9D6C00F2C0F1 /* Assets.xcassets */,
				92F066C52DDC9D6C00F2C0F1 /* Info.plist */,
				92F066C22DDC9D6C00F2C0F1 /* Preview Content */,
			);
			path = orderBook;
			sourceTree = "<group>";
		};
		92F066C22DDC9D6C00F2C0F1 /* Preview Content */ = {
			isa = PBXGroup;
			children = (
				92F066C32DDC9D6C00F2C0F1 /* Preview Assets.xcassets */,
			);
			path = "Preview Content";
			sourceTree = "<group>";
		};
		92F066CD2DDC9D6C00F2C0F1 /* orderBookTests */ = {
			isa = PBXGroup;
			children = (
				92F066CE2DDC9D6C00F2C0F1 /* orderBookTests.swift */,
			);
			path = orderBookTests;
			sourceTree = "<group>";
		};
		92F066D72DDC9D6C00F2C0F1 /* orderBookUITests */ = {
			isa = PBXGroup;
			children = (
				92F066D82DDC9D6C00F2C0F1 /* orderBookUITests.swift */,
				92F066DA2DDC9D6C00F2C0F1 /* orderBookUITestsLaunchTests.swift */,
			);
			path = orderBookUITests;
			sourceTree = "<group>";
		};
/* End PBXGroup section */

/* Begin PBXNativeTarget section */
		92F066B62DDC9D6A00F2C0F1 /* orderBook */ = {
			isa = PBXNativeTarget;
			buildConfigurationList = 92F066DE2DDC9D6C00F2C0F1 /* Build configuration list for PBXNativeTarget "orderBook" */;
			buildPhases = (
				92F066B32DDC9D6A00F2C0F1 /* Sources */,
				92F066B42DDC9D6A00F2C0F1 /* Frameworks */,
				92F066B52DDC9D6A00F2C0F1 /* Resources */,
			);
			buildRules = (
			);
			dependencies = (
			);
			name = orderBook;
			productName = orderBook;
			productReference = 92F066B72DDC9D6A00F2C0F1 /* orderBook.app */;
			productType = "com.apple.product-type.application";
		};
		92F066C92DDC9D6C00F2C0F1 /* orderBookTests */ = {
			isa = PBXNativeTarget;
			buildConfigurationList = 92F066E12DDC9D6C00F2C0F1 /* Build configuration list for PBXNativeTarget "orderBookTests" */;
			buildPhases = (
				92F066C62DDC9D6C00F2C0F1 /* Sources */,
				92F066C72DDC9D6C00F2C0F1 /* Frameworks */,
				92F066C82DDC9D6C00F2C0F1 /* Resources */,
			);
			buildRules = (
			);
			dependencies = (
				92F066CC2DDC9D6C00F2C0F1 /* PBXTargetDependency */,
			);
			name = orderBookTests;
			productName = orderBookTests;
			productReference = 92F066CA2DDC9D6C00F2C0F1 /* orderBookTests.xctest */;
			productType = "com.apple.product-type.bundle.unit-test";
		};
		92F066D32DDC9D6C00F2C0F1 /* orderBookUITests */ = {
			isa = PBXNativeTarget;
			buildConfigurationList = 92F066E42DDC9D6C00F2C0F1 /* Build configuration list for PBXNativeTarget "orderBookUITests" */;
			buildPhases = (
				92F066D02DDC9D6C00F2C0F1 /* Sources */,
				92F066D12DDC9D6C00F2C0F1 /* Frameworks */,
				92F066D22DDC9D6C00F2C0F1 /* Resources */,
			);
			buildRules = (
			);
			dependencies = (
				92F066D62DDC9D6C00F2C0F1 /* PBXTargetDependency */,
			);
			name = orderBookUITests;
			productName = orderBookUITests;
			productReference = 92F066D42DDC9D6C00F2C0F1 /* orderBookUITests.xctest */;
			productType = "com.apple.product-type.bundle.ui-testing";
		};
/* End PBXNativeTarget section */

/* Begin PBXProject section */
		92F066AF2DDC9D6A00F2C0F1 /* Project object */ = {
			isa = PBXProject;
			attributes = {
				BuildIndependentTargetsInParallel = 1;
				LastSwiftUpdateCheck = 1540;
				LastUpgradeCheck = 1540;
				TargetAttributes = {
					92F066B62DDC9D6A00F2C0F1 = {
						CreatedOnToolsVersion = 15.4;
					};
					92F066C92DDC9D6C00F2C0F1 = {
						CreatedOnToolsVersion = 15.4;
						TestTargetID = 92F066B62DDC9D6A00F2C0F1;
					};
					92F066D32DDC9D6C00F2C0F1 = {
						CreatedOnToolsVersion = 15.4;
						TestTargetID = 92F066B62DDC9D6A00F2C0F1;
					};
				};
			};
			buildConfigurationList = 92F066B22DDC9D6A00F2C0F1 /* Build configuration list for PBXProject "orderBook" */;
			compatibilityVersion = "Xcode 14.0";
			developmentRegion = en;
			hasScannedForEncodings = 0;
			knownRegions = (
				en,
				Base,
			);
			mainGroup = 92F066AE2DDC9D6A00F2C0F1;
			productRefGroup = 92F066B82DDC9D6A00F2C0F1 /* Products */;
			projectDirPath = "";
			projectRoot = "";
			targets = (
				92F066B62DDC9D6A00F2C0F1 /* orderBook */,
				92F066C92DDC9D6C00F2C0F1 /* orderBookTests */,
				92F066D32DDC9D6C00F2C0F1 /* orderBookUITests */,
			);
		};
/* End PBXProject section */

/* Begin PBXResourcesBuildPhase section */
		92F066B52DDC9D6A00F2C0F1 /* Resources */ = {
			isa = PBXResourcesBuildPhase;
			buildActionMask = 2147483647;
			files = (
				92F066C42DDC9D6C00F2C0F1 /* Preview Assets.xcassets in Resources */,
				92F066C12DDC9D6C00F2C0F1 /* Assets.xcassets in Resources */,
			);
			runOnlyForDeploymentPostprocessing = 0;
		};
		92F066C82DDC9D6C00F2C0F1 /* Resources */ = {
			isa = PBXResourcesBuildPhase;
			buildActionMask = 2147483647;
			files = (
			);
			runOnlyForDeploymentPostprocessing = 0;
		};
		92F066D22DDC9D6C00F2C0F1 /* Resources */ = {
			isa = PBXResourcesBuildPhase;
			buildActionMask = 2147483647;
			files = (
			);
			runOnlyForDeploymentPostprocessing = 0;
		};
/* End PBXResourcesBuildPhase section */

/* Begin PBXSourcesBuildPhase section */
		92F066B32DDC9D6A00F2C0F1 /* Sources */ = {
			isa = PBXSourcesBuildPhase;
			buildActionMask = 2147483647;
			files = (
				92F066BD2DDC9D6A00F2C0F1 /* ContentView.swift in Sources */,
				92F066BF2DDC9D6A00F2C0F1 /* Item.swift in Sources */,
				92F066BB2DDC9D6A00F2C0F1 /* orderBookApp.swift in Sources */,
			);
			runOnlyForDeploymentPostprocessing = 0;
		};
		92F066C62DDC9D6C00F2C0F1 /* Sources */ = {
			isa = PBXSourcesBuildPhase;
			buildActionMask = 2147483647;
			files = (
				92F066CF2DDC9D6C00F2C0F1 /* orderBookTests.swift in Sources */,
			);
			runOnlyForDeploymentPostprocessing = 0;
		};
		92F066D02DDC9D6C00F2C0F1 /* Sources */ = {
			isa = PBXSourcesBuildPhase;
			buildActionMask = 2147483647;
			files = (
				92F066DB2DDC9D6C00F2C0F1 /* orderBookUITestsLaunchTests.swift in Sources */,
				92F066D92DDC9D6C00F2C0F1 /* orderBookUITests.swift in Sources */,
			);
			runOnlyForDeploymentPostprocessing = 0;
		};
/* End PBXSourcesBuildPhase section */

/* Begin PBXTargetDependency section */
		92F066CC2DDC9D6C00F2C0F1 /* PBXTargetDependency */ = {
			isa = PBXTargetDependency;
			target = 92F066B62DDC9D6A00F2C0F1 /* orderBook */;
			targetProxy = 92F066CB2DDC9D6C00F2C0F1 /* PBXContainerItemProxy */;
		};
		92F066D62DDC9D6C00F2C0F1 /* PBXTargetDependency */ = {
			isa = PBXTargetDependency;
			target = 92F066B62DDC9D6A00F2C0F1 /* orderBook */;
			targetProxy = 92F066D52DDC9D6C00F2C0F1 /* PBXContainerItemProxy */;
		};
/* End PBXTargetDependency section */

/* Begin XCBuildConfiguration section */
		92F066DC2DDC9D6C00F2C0F1 /* Debug */ = {
			isa = XCBuildConfiguration;
			buildSettings = {
				ALWAYS_SEARCH_USER_PATHS = NO;
				ASSETCATALOG_COMPILER_GENERATE_SWIFT_ASSET_SYMBOL_EXTENSIONS = YES;
				CLANG_ANALYZER_NONNULL = YES;
				CLANG_ANALYZER_NUMBER_OBJECT_CONVERSION = YES_AGGRESSIVE;
				CLANG_CXX_LANGUAGE_STANDARD = "gnu++20";
				CLANG_ENABLE_MODULES = YES;
				CLANG_ENABLE_OBJC_ARC = YES;
				CLANG_ENABLE_OBJC_WEAK = YES;
				CLANG_WARN_BLOCK_CAPTURE_AUTORELEASING = YES;
				CLANG_WARN_BOOL_CONVERSION = YES;
				CLANG_WARN_COMMA = YES;
				CLANG_WARN_CONSTANT_CONVERSION = YES;
				CLANG_WARN_DEPRECATED_OBJC_IMPLEMENTATIONS = YES;
				CLANG_WARN_DIRECT_OBJC_ISA_USAGE = YES_ERROR;
				CLANG_WARN_DOCUMENTATION_COMMENTS = YES;
				CLANG_WARN_EMPTY_BODY = YES;
				CLANG_WARN_ENUM_CONVERSION = YES;
				CLANG_WARN_INFINITE_RECURSION = YES;
				CLANG_WARN_INT_CONVERSION = YES;
				CLANG_WARN_NON_LITERAL_NULL_CONVERSION = YES;
				CLANG_WARN_OBJC_IMPLICIT_RETAIN_SELF = YES;
				CLANG_WARN_OBJC_LITERAL_CONVERSION = YES;
				CLANG_WARN_OBJC_ROOT_CLASS = YES_ERROR;
				CLANG_WARN_QUOTED_INCLUDE_IN_FRAMEWORK_HEADER = YES;
				CLANG_WARN_RANGE_LOOP_ANALYSIS = YES;
				CLANG_WARN_STRICT_PROTOTYPES = YES;
				CLANG_WARN_SUSPICIOUS_MOVE = YES;
				CLANG_WARN_UNGUARDED_AVAILABILITY = YES_AGGRESSIVE;
				CLANG_WARN_UNREACHABLE_CODE = YES;
				CLANG_WARN__DUPLICATE_METHOD_MATCH = YES;
				COPY_PHASE_STRIP = NO;
				DEBUG_INFORMATION_FORMAT = dwarf;
				ENABLE_STRICT_OBJC_MSGSEND = YES;
				ENABLE_TESTABILITY = YES;
				ENABLE_USER_SCRIPT_SANDBOXING = YES;
				GCC_C_LANGUAGE_STANDARD = gnu17;
				GCC_DYNAMIC_NO_PIC = NO;
				GCC_NO_COMMON_BLOCKS = YES;
				GCC_OPTIMIZATION_LEVEL = 0;
				GCC_PREPROCESSOR_DEFINITIONS = (
					"DEBUG=1",
					"$(inherited)",
				);
				GCC_WARN_64_TO_32_BIT_CONVERSION = YES;
				GCC_WARN_ABOUT_RETURN_TYPE = YES_ERROR;
				GCC_WARN_UNDECLARED_SELECTOR = YES;
				GCC_WARN_UNINITIALIZED_AUTOS = YES_AGGRESSIVE;
				GCC_WARN_UNUSED_FUNCTION = YES;
				GCC_WARN_UNUSED_VARIABLE = YES;
				IPHONEOS_DEPLOYMENT_TARGET = 17.5;
				LOCALIZATION_PREFERS_STRING_CATALOGS = YES;
				MTL_ENABLE_DEBUG_INFO = INCLUDE_SOURCE;
				MTL_FAST_MATH = YES;
				ONLY_ACTIVE_ARCH = YES;
				SDKROOT = iphoneos;
				SWIFT_ACTIVE_COMPILATION_CONDITIONS = "DEBUG $(inherited)";
				SWIFT_OPTIMIZATION_LEVEL = "-Onone";
			};
			name = Debug;
		};
		92F066DD2DDC9D6C00F2C0F1 /* Release */ = {
			isa = XCBuildConfiguration;
			buildSettings = {
				ALWAYS_SEARCH_USER_PATHS = NO;
				ASSETCATALOG_COMPILER_GENERATE_SWIFT_ASSET_SYMBOL_EXTENSIONS = YES;
				CLANG_ANALYZER_NONNULL = YES;
				CLANG_ANALYZER_NUMBER_OBJECT_CONVERSION = YES_AGGRESSIVE;
				CLANG_CXX_LANGUAGE_STANDARD = "gnu++20";
				CLANG_ENABLE_MODULES = YES;
				CLANG_ENABLE_OBJC_ARC = YES;
				CLANG_ENABLE_OBJC_WEAK = YES;
				CLANG_WARN_BLOCK_CAPTURE_AUTORELEASING = YES;
				CLANG_WARN_BOOL_CONVERSION = YES;
				CLANG_WARN_COMMA = YES;
				CLANG_WARN_CONSTANT_CONVERSION = YES;
				CLANG_WARN_DEPRECATED_OBJC_IMPLEMENTATIONS = YES;
				CLANG_WARN_DIRECT_OBJC_ISA_USAGE = YES_ERROR;
				CLANG_WARN_DOCUMENTATION_COMMENTS = YES;
				CLANG_WARN_EMPTY_BODY = YES;
				CLANG_WARN_ENUM_CONVERSION = YES;
				CLANG_WARN_INFINITE_RECURSION = YES;
				CLANG_WARN_INT_CONVERSION = YES;
				CLANG_WARN_NON_LITERAL_NULL_CONVERSION = YES;
				CLANG_WARN_OBJC_IMPLICIT_RETAIN_SELF = YES;
				CLANG_WARN_OBJC_LITERAL_CONVERSION = YES;
				CLANG_WARN_OBJC_ROOT_CLASS = YES_ERROR;
				CLANG_WARN_QUOTED_INCLUDE_IN_FRAMEWORK_HEADER = YES;
				CLANG_WARN_RANGE_LOOP_ANALYSIS = YES;
				CLANG_WARN_STRICT_PROTOTYPES = YES;
				CLANG_WARN_SUSPICIOUS_MOVE = YES;
				CLANG_WARN_UNGUARDED_AVAILABILITY = YES_AGGRESSIVE;
				CLANG_WARN_UNREACHABLE_CODE = YES;
				CLANG_WARN__DUPLICATE_METHOD_MATCH = YES;
				COPY_PHASE_STRIP = NO;
				DEBUG_INFORMATION_FORMAT = "dwarf-with-dsym";
				ENABLE_NS_ASSERTIONS = NO;
				ENABLE_STRICT_OBJC_MSGSEND = YES;
				ENABLE_USER_SCRIPT_SANDBOXING = YES;
				GCC_C_LANGUAGE_STANDARD = gnu17;
				GCC_NO_COMMON_BLOCKS = YES;
				GCC_WARN_64_TO_32_BIT_CONVERSION = YES;
				GCC_WARN_ABOUT_RETURN_TYPE = YES_ERROR;
				GCC_WARN_UNDECLARED_SELECTOR = YES;
				GCC_WARN_UNINITIALIZED_AUTOS = YES_AGGRESSIVE;
				GCC_WARN_UNUSED_FUNCTION = YES;
				GCC_WARN_UNUSED_VARIABLE = YES;
				IPHONEOS_DEPLOYMENT_TARGET = 17.5;
				LOCALIZATION_PREFERS_STRING_CATALOGS = YES;
				MTL_ENABLE_DEBUG_INFO = NO;
				MTL_FAST_MATH = YES;
				SDKROOT = iphoneos;
				SWIFT_COMPILATION_MODE = wholemodule;
				VALIDATE_PRODUCT = YES;
			};
			name = Release;
		};
		92F066DF2DDC9D6C00F2C0F1 /* Debug */ = {
			isa = XCBuildConfiguration;
			buildSettings = {
				ASSETCATALOG_COMPILER_APPICON_NAME = AppIcon;
				ASSETCATALOG_COMPILER_GLOBAL_ACCENT_COLOR_NAME = AccentColor;
				CODE_SIGN_STYLE = Automatic;
				CURRENT_PROJECT_VERSION = 1;
				DEVELOPMENT_ASSET_PATHS = "\"orderBook/Preview Content\"";
				ENABLE_PREVIEWS = YES;
				GENERATE_INFOPLIST_FILE = YES;
				INFOPLIST_FILE = orderBook/Info.plist;
				INFOPLIST_KEY_UIApplicationSceneManifest_Generation = YES;
				INFOPLIST_KEY_UIApplicationSupportsIndirectInputEvents = YES;
				INFOPLIST_KEY_UILaunchScreen_Generation = YES;
				INFOPLIST_KEY_UISupportedInterfaceOrientations_iPad = "UIInterfaceOrientationPortrait UIInterfaceOrientationPortraitUpsideDown UIInterfaceOrientationLandscapeLeft UIInterfaceOrientationLandscapeRight";
				INFOPLIST_KEY_UISupportedInterfaceOrientations_iPhone = "UIInterfaceOrientationPortrait UIInterfaceOrientationLandscapeLeft UIInterfaceOrientationLandscapeRight";
				INFOPLIST_KEY_UISupportsDocumentBrowser = YES;
				LD_RUNPATH_SEARCH_PATHS = (
					"$(inherited)",
					"@executable_path/Frameworks",
				);
				MARKETING_VERSION = 1.0;
				PRODUCT_BUNDLE_IDENTIFIER = kishnanitech.orderBook;
				PRODUCT_NAME = "$(TARGET_NAME)";
				SWIFT_EMIT_LOC_STRINGS = YES;
				SWIFT_VERSION = 5.0;
				TARGETED_DEVICE_FAMILY = "1,2";
			};
			name = Debug;
		};
		92F066E02DDC9D6C00F2C0F1 /* Release */ = {
			isa = XCBuildConfiguration;
			buildSettings = {
				ASSETCATALOG_COMPILER_APPICON_NAME = AppIcon;
				ASSETCATALOG_COMPILER_GLOBAL_ACCENT_COLOR_NAME = AccentColor;
				CODE_SIGN_STYLE = Automatic;
				CURRENT_PROJECT_VERSION = 1;
				DEVELOPMENT_ASSET_PATHS = "\"orderBook/Preview Content\"";
				ENABLE_PREVIEWS = YES;
				GENERATE_INFOPLIST_FILE = YES;
				INFOPLIST_FILE = orderBook/Info.plist;
				INFOPLIST_KEY_UIApplicationSceneManifest_Generation = YES;
				INFOPLIST_KEY_UIApplicationSupportsIndirectInputEvents = YES;
				INFOPLIST_KEY_UILaunchScreen_Generation = YES;
				INFOPLIST_KEY_UISupportedInterfaceOrientations_iPad = "UIInterfaceOrientationPortrait UIInterfaceOrientationPortraitUpsideDown UIInterfaceOrientationLandscapeLeft UIInterfaceOrientationLandscapeRight";
				INFOPLIST_KEY_UISupportedInterfaceOrientations_iPhone = "UIInterfaceOrientationPortrait UIInterfaceOrientationLandscapeLeft UIInterfaceOrientationLandscapeRight";
				INFOPLIST_KEY_UISupportsDocumentBrowser = YES;
				LD_RUNPATH_SEARCH_PATHS = (
					"$(inherited)",
					"@executable_path/Frameworks",
				);
				MARKETING_VERSION = 1.0;
				PRODUCT_BUNDLE_IDENTIFIER = kishnanitech.orderBook;
				PRODUCT_NAME = "$(TARGET_NAME)";
				SWIFT_EMIT_LOC_STRINGS = YES;
				SWIFT_VERSION = 5.0;
				TARGETED_DEVICE_FAMILY = "1,2";
			};
			name = Release;
		};
		92F066E22DDC9D6C00F2C0F1 /* Debug */ = {
			isa = XCBuildConfiguration;
			buildSettings = {
				ALWAYS_EMBED_SWIFT_STANDARD_LIBRARIES = YES;
				BUNDLE_LOADER = "$(TEST_HOST)";
				CODE_SIGN_STYLE = Automatic;
				CURRENT_PROJECT_VERSION = 1;
				GENERATE_INFOPLIST_FILE = YES;
				IPHONEOS_DEPLOYMENT_TARGET = 17.5;
				MARKETING_VERSION = 1.0;
				PRODUCT_BUNDLE_IDENTIFIER = kishnanitech.orderBookTests;
				PRODUCT_NAME = "$(TARGET_NAME)";
				SWIFT_EMIT_LOC_STRINGS = NO;
				SWIFT_VERSION = 5.0;
				TARGETED_DEVICE_FAMILY = "1,2";
				TEST_HOST = "$(BUILT_PRODUCTS_DIR)/orderBook.app/$(BUNDLE_EXECUTABLE_FOLDER_PATH)/orderBook";
			};
			name = Debug;
		};
		92F066E32DDC9D6C00F2C0F1 /* Release */ = {
			isa = XCBuildConfiguration;
			buildSettings = {
				ALWAYS_EMBED_SWIFT_STANDARD_LIBRARIES = YES;
				BUNDLE_LOADER = "$(TEST_HOST)";
				CODE_SIGN_STYLE = Automatic;
				CURRENT_PROJECT_VERSION = 1;
				GENERATE_INFOPLIST_FILE = YES;
				IPHONEOS_DEPLOYMENT_TARGET = 17.5;
				MARKETING_VERSION = 1.0;
				PRODUCT_BUNDLE_IDENTIFIER = kishnanitech.orderBookTests;
				PRODUCT_NAME = "$(TARGET_NAME)";
				SWIFT_EMIT_LOC_STRINGS = NO;
				SWIFT_VERSION = 5.0;
				TARGETED_DEVICE_FAMILY = "1,2";
				TEST_HOST = "$(BUILT_PRODUCTS_DIR)/orderBook.app/$(BUNDLE_EXECUTABLE_FOLDER_PATH)/orderBook";
			};
			name = Release;
		};
		92F066E52DDC9D6C00F2C0F1 /* Debug */ = {
			isa = XCBuildConfiguration;
			buildSettings = {
				ALWAYS_EMBED_SWIFT_STANDARD_LIBRARIES = YES;
				CODE_SIGN_STYLE = Automatic;
				CURRENT_PROJECT_VERSION = 1;
				GENERATE_INFOPLIST_FILE = YES;
				MARKETING_VERSION = 1.0;
				PRODUCT_BUNDLE_IDENTIFIER = kishnanitech.orderBookUITests;
				PRODUCT_NAME = "$(TARGET_NAME)";
				SWIFT_EMIT_LOC_STRINGS = NO;
				SWIFT_VERSION = 5.0;
				TARGETED_DEVICE_FAMILY = "1,2";
				TEST_TARGET_NAME = orderBook;
			};
			name = Debug;
		};
		92F066E62DDC9D6C00F2C0F1 /* Release */ = {
			isa = XCBuildConfiguration;
			buildSettings = {
				ALWAYS_EMBED_SWIFT_STANDARD_LIBRARIES = YES;
				CODE_SIGN_STYLE = Automatic;
				CURRENT_PROJECT_VERSION = 1;
				GENERATE_INFOPLIST_FILE = YES;
				MARKETING_VERSION = 1.0;
				PRODUCT_BUNDLE_IDENTIFIER = kishnanitech.orderBookUITests;
				PRODUCT_NAME = "$(TARGET_NAME)";
				SWIFT_EMIT_LOC_STRINGS = NO;
				SWIFT_VERSION = 5.0;
				TARGETED_DEVICE_FAMILY = "1,2";
				TEST_TARGET_NAME = orderBook;
			};
			name = Release;
		};
/* End XCBuildConfiguration section */

/* Begin XCConfigurationList section */
		92F066B22DDC9D6A00F2C0F1 /* Build configuration list for PBXProject "orderBook" */ = {
			isa = XCConfigurationList;
			buildConfigurations = (
				92F066DC2DDC9D6C00F2C0F1 /* Debug */,
				92F066DD2DDC9D6C00F2C0F1 /* Release */,
			);
			defaultConfigurationIsVisible = 0;
			defaultConfigurationName = Release;
		};
		92F066DE2DDC9D6C00F2C0F1 /* Build configuration list for PBXNativeTarget "orderBook" */ = {
			isa = XCConfigurationList;
			buildConfigurations = (
				92F066DF2DDC9D6C00F2C0F1 /* Debug */,
				92F066E02DDC9D6C00F2C0F1 /* Release */,
			);
			defaultConfigurationIsVisible = 0;
			defaultConfigurationName = Release;
		};
		92F066E12DDC9D6C00F2C0F1 /* Build configuration list for PBXNativeTarget "orderBookTests" */ = {
			isa = XCConfigurationList;
			buildConfigurations = (
				92F066E22DDC9D6C00F2C0F1 /* Debug */,
				92F066E32DDC9D6C00F2C0F1 /* Release */,
			);
			defaultConfigurationIsVisible = 0;
			defaultConfigurationName = Release;
		};
		92F066E42DDC9D6C00F2C0F1 /* Build configuration list for PBXNativeTarget "orderBookUITests" */ = {
			isa = XCConfigurationList;
			buildConfigurations = (
				92F066E52DDC9D6C00F2C0F1 /* Debug */,
				92F066E62DDC9D6C00F2C0F1 /* Release */,
			);
			defaultConfigurationIsVisible = 0;
			defaultConfigurationName = Release;
		};
/* End XCConfigurationList section */
	};
	rootObject = 92F066AF2DDC9D6A00F2C0F1 /* Project object */;
}
